
Microsoft Visual Studio Solution File, Format Version 12.00
# Visual Studio Version 17
VisualStudioVersion = 17.8.34309.116
MinimumVisualStudioVersion = 10.0.40219.1
Project("{2150E333-8FDC-42A3-9474-1A3956D46DE8}") = "FrontEnd", "FrontEnd", "{DFEB995B-910C-4E68-8B4A-730B6AC3FBF2}"
EndProject
Project("{2150E333-8FDC-42A3-9474-1A3956D46DE8}") = "Gateway", "Gateway", "{880D1593-8ECF-448F-AAC1-DB7FF8E36436}"
EndProject
Project("{2150E333-8FDC-42A3-9474-1A3956D46DE8}") = "Integration", "Integration", "{50526C14-940C-424E-9371-6A1B17E714BD}"
EndProject
Project("{2150E333-8FDC-42A3-9474-1A3956D46DE8}") = "Services", "Services", "{AD2567E3-9FC6-49C7-87C4-0989A537C7A0}"
EndProject
Project("{9A19103F-16F7-4668-BE54-9A1E7A4F7556}") = "Mango.Services.CouponAPI", "Mango.Services.CouponAPI\Mango.Services.CouponAPI.csproj", "{3089E428-56C8-41F6-93F4-44093A3C636C}"
EndProject
Project("{9A19103F-16F7-4668-BE54-9A1E7A4F7556}") = "Mango.Web", "Mango.Web\Mango.Web.csproj", "{FA092DC9-A5A5-45C6-9ABA-A89EE8FFC8FB}"
EndProject
Project("{9A19103F-16F7-4668-BE54-9A1E7A4F7556}") = "Mango.Services.AuthAPI", "Mango.Service.AuthAPI\Mango.Services.AuthAPI.csproj", "{FCC06263-C49D-423A-8D71-21CBBF60F2AF}"
EndProject
Project("{9A19103F-16F7-4668-BE54-9A1E7A4F7556}") = "Mango.Services.ProductAPI", "Mango.Services.ProductAPI\Mango.Services.ProductAPI.csproj", "{368E151D-C46E-473C-AFAE-73A2C1B9D9F2}"
EndProject
Project("{9A19103F-16F7-4668-BE54-9A1E7A4F7556}") = "Mango.Services.ShoppingCartAPI", "Mango.Service.ShoppingCartAPI\Mango.Services.ShoppingCartAPI.csproj", "{B7E0AF2C-C5DD-4B0B-9923-635A913C16B3}"
EndProject
Project("{FAE04EC0-301F-11D3-BF4B-00C04F79EFBC}") = "Mango.MessageBus", "Mango.MessageBus\Mango.MessageBus.csproj", "{118D758B-B7E0-4ADB-9E22-93DDEA6C77DC}"
EndProject
Project("{9A19103F-16F7-4668-BE54-9A1E7A4F7556}") = "Mango.Services.EmailAPI", "Mango.Service.EmailAPI\Mango.Services.EmailAPI.csproj", "{C35BBDC0-91E7-402E-B85B-EA0B054BA709}"
EndProject
Project("{9A19103F-16F7-4668-BE54-9A1E7A4F7556}") = "Mango.Services.OrderAPI", "Mango.Services.OrderAPI\Mango.Services.OrderAPI.csproj", "{DD49A6BD-FF85-4171-9D66-DAF65890FCDA}"
EndProject
Project("{9A19103F-16F7-4668-BE54-9A1E7A4F7556}") = "Mango.Services.RewardAPI", "Mango.Services.RewardAPI\Mango.Services.RewardAPI.csproj", "{A4035C92-5E97-44D7-B802-4A6D80646E6B}"
EndProject
Project("{FAE04EC0-301F-11D3-BF4B-00C04F79EFBC}") = "Mango.GatewaySolution", "Mango.GatewaySolution\Mango.GatewaySolution.csproj", "{211DE303-F136-4828-9779-012176299211}"
EndProject
Global
	GlobalSection(SolutionConfigurationPlatforms) = preSolution
		Debug|Any CPU = Debug|Any CPU
		Release|Any CPU = Release|Any CPU
	EndGlobalSection
	GlobalSection(ProjectConfigurationPlatforms) = postSolution
		{3089E428-56C8-41F6-93F4-44093A3C636C}.Debug|Any CPU.ActiveCfg = Debug|Any CPU
		{3089E428-56C8-41F6-93F4-44093A3C636C}.Debug|Any CPU.Build.0 = Debug|Any CPU
		{3089E428-56C8-41F6-93F4-44093A3C636C}.Release|Any CPU.ActiveCfg = Release|Any CPU
		{3089E428-56C8-41F6-93F4-44093A3C636C}.Release|Any CPU.Build.0 = Release|Any CPU
		{FA092DC9-A5A5-45C6-9ABA-A89EE8FFC8FB}.Debug|Any CPU.ActiveCfg = Debug|Any CPU
		{FA092DC9-A5A5-45C6-9ABA-A89EE8FFC8FB}.Debug|Any CPU.Build.0 = Debug|Any CPU
		{FA092DC9-A5A5-45C6-9ABA-A89EE8FFC8FB}.Release|Any CPU.ActiveCfg = Release|Any CPU
		{FA092DC9-A5A5-45C6-9ABA-A89EE8FFC8FB}.Release|Any CPU.Build.0 = Release|Any CPU
		{FCC06263-C49D-423A-8D71-21CBBF60F2AF}.Debug|Any CPU.ActiveCfg = Debug|Any CPU
		{FCC06263-C49D-423A-8D71-21CBBF60F2AF}.Debug|Any CPU.Build.0 = Debug|Any CPU
		{FCC06263-C49D-423A-8D71-21CBBF60F2AF}.Release|Any CPU.ActiveCfg = Release|Any CPU
		{FCC06263-C49D-423A-8D71-21CBBF60F2AF}.Release|Any CPU.Build.0 = Release|Any CPU
		{368E151D-C46E-473C-AFAE-73A2C1B9D9F2}.Debug|Any CPU.ActiveCfg = Debug|Any CPU
		{368E151D-C46E-473C-AFAE-73A2C1B9D9F2}.Debug|Any CPU.Build.0 = Debug|Any CPU
		{368E151D-C46E-473C-AFAE-73A2C1B9D9F2}.Release|Any CPU.ActiveCfg = Release|Any CPU
		{368E151D-C46E-473C-AFAE-73A2C1B9D9F2}.Release|Any CPU.Build.0 = Release|Any CPU
		{B7E0AF2C-C5DD-4B0B-9923-635A913C16B3}.Debug|Any CPU.ActiveCfg = Debug|Any CPU
		{B7E0AF2C-C5DD-4B0B-9923-635A913C16B3}.Debug|Any CPU.Build.0 = Debug|Any CPU
		{B7E0AF2C-C5DD-4B0B-9923-635A913C16B3}.Release|Any CPU.ActiveCfg = Release|Any CPU
		{B7E0AF2C-C5DD-4B0B-9923-635A913C16B3}.Release|Any CPU.Build.0 = Release|Any CPU
		{118D758B-B7E0-4ADB-9E22-93DDEA6C77DC}.Debug|Any CPU.ActiveCfg = Debug|Any CPU
		{118D758B-B7E0-4ADB-9E22-93DDEA6C77DC}.Debug|Any CPU.Build.0 = Debug|Any CPU
		{118D758B-B7E0-4ADB-9E22-93DDEA6C77DC}.Release|Any CPU.ActiveCfg = Release|Any CPU
		{118D758B-B7E0-4ADB-9E22-93DDEA6C77DC}.Release|Any CPU.Build.0 = Release|Any CPU
		{C35BBDC0-91E7-402E-B85B-EA0B054BA709}.Debug|Any CPU.ActiveCfg = Debug|Any CPU
		{C35BBDC0-91E7-402E-B85B-EA0B054BA709}.Debug|Any CPU.Build.0 = Debug|Any CPU
		{C35BBDC0-91E7-402E-B85B-EA0B054BA709}.Release|Any CPU.ActiveCfg = Release|Any CPU
		{C35BBDC0-91E7-402E-B85B-EA0B054BA709}.Release|Any CPU.Build.0 = Release|Any CPU
		{DD49A6BD-FF85-4171-9D66-DAF65890FCDA}.Debug|Any CPU.ActiveCfg = Debug|Any CPU
		{DD49A6BD-FF85-4171-9D66-DAF65890FCDA}.Debug|Any CPU.Build.0 = Debug|Any CPU
		{DD49A6BD-FF85-4171-9D66-DAF65890FCDA}.Release|Any CPU.ActiveCfg = Release|Any CPU
		{DD49A6BD-FF85-4171-9D66-DAF65890FCDA}.Release|Any CPU.Build.0 = Release|Any CPU
		{A4035C92-5E97-44D7-B802-4A6D80646E6B}.Debug|Any CPU.ActiveCfg = Debug|Any CPU
		{A4035C92-5E97-44D7-B802-4A6D80646E6B}.Debug|Any CPU.Build.0 = Debug|Any CPU
		{A4035C92-5E97-44D7-B802-4A6D80646E6B}.Release|Any CPU.ActiveCfg = Release|Any CPU
		{A4035C92-5E97-44D7-B802-4A6D80646E6B}.Release|Any CPU.Build.0 = Release|Any CPU
		{211DE303-F136-4828-9779-012176299211}.Debug|Any CPU.ActiveCfg = Debug|Any CPU
		{211DE303-F136-4828-9779-012176299211}.Debug|Any CPU.Build.0 = Debug|Any CPU
		{211DE303-F136-4828-9779-012176299211}.Release|Any CPU.ActiveCfg = Release|Any CPU
		{211DE303-F136-4828-9779-012176299211}.Release|Any CPU.Build.0 = Release|Any CPU
	EndGlobalSection
	GlobalSection(SolutionProperties) = preSolution
		HideSolutionNode = FALSE
	EndGlobalSection
	GlobalSection(NestedProjects) = preSolution
		{3089E428-56C8-41F6-93F4-44093A3C636C} = {AD2567E3-9FC6-49C7-87C4-0989A537C7A0}
		{FA092DC9-A5A5-45C6-9ABA-A89EE8FFC8FB} = {DFEB995B-910C-4E68-8B4A-730B6AC3FBF2}
		{FCC06263-C49D-423A-8D71-21CBBF60F2AF} = {AD2567E3-9FC6-49C7-87C4-0989A537C7A0}
		{368E151D-C46E-473C-AFAE-73A2C1B9D9F2} = {AD2567E3-9FC6-49C7-87C4-0989A537C7A0}
		{B7E0AF2C-C5DD-4B0B-9923-635A913C16B3} = {AD2567E3-9FC6-49C7-87C4-0989A537C7A0}
		{118D758B-B7E0-4ADB-9E22-93DDEA6C77DC} = {50526C14-940C-424E-9371-6A1B17E714BD}
		{C35BBDC0-91E7-402E-B85B-EA0B054BA709} = {AD2567E3-9FC6-49C7-87C4-0989A537C7A0}
		{DD49A6BD-FF85-4171-9D66-DAF65890FCDA} = {AD2567E3-9FC6-49C7-87C4-0989A537C7A0}
		{A4035C92-5E97-44D7-B802-4A6D80646E6B} = {AD2567E3-9FC6-49C7-87C4-0989A537C7A0}
		{211DE303-F136-4828-9779-012176299211} = {880D1593-8ECF-448F-AAC1-DB7FF8E36436}
	EndGlobalSection
	GlobalSection(ExtensibilityGlobals) = postSolution
		SolutionGuid = {17007134-4F0E-4167-AD2A-D87181B44C29}
	EndGlobalSection
EndGlobal
